
Microsoft Visual Studio Solution File, Format Version 12.00
# Visual Studio Version 17
VisualStudioVersion = 17.4.33205.214
MinimumVisualStudioVersion = 10.0.40219.1
Project("{FAE04EC0-301F-11D3-BF4B-00C04F79EFBC}") = "TelefonRehberim", "TelefonRehberim\TelefonRehberim.csproj", "{61ED5056-C1FB-4FC6-8B37-F3666DEC8608}"
EndProject
Global
	GlobalSection(SolutionConfigurationPlatforms) = preSolution
		Debug|Any CPU = Debug|Any CPU
		Release|Any CPU = Release|Any CPU
	EndGlobalSection
	GlobalSection(ProjectConfigurationPlatforms) = postSolution
		{61ED5056-C1FB-4FC6-8B37-F3666DEC8608}.Debug|Any CPU.ActiveCfg = Debug|Any CPU
		{61ED5056-C1FB-4FC6-8B37-F3666DEC8608}.Debug|Any CPU.Build.0 = Debug|Any CPU
		{61ED5056-C1FB-4FC6-8B37-F3666DEC8608}.Release|Any CPU.ActiveCfg = Release|Any CPU
		{61ED5056-C1FB-4FC6-8B37-F3666DEC8608}.Release|Any CPU.Build.0 = Release|Any CPU
	EndGlobalSection
	GlobalSection(SolutionProperties) = preSolution
		HideSolutionNode = FALSE
	EndGlobalSection
	GlobalSection(ExtensibilityGlobals) = postSolution
		SolutionGuid = {1FD661CA-4F05-40D9-89DB-97C58C095205}
	EndGlobalSection
EndGlobal
